
Microsoft Visual Studio Solution File, Format Version 12.00
# Visual Studio Version 17
VisualStudioVersion = 17.11.35312.102
MinimumVisualStudioVersion = 10.0.40219.1
Project("{FAE04EC0-301F-11D3-BF4B-00C04F79EFBC}") = "HealthMonitor.Dashboard", "HealthMonitor.Dashboard.csproj", "{4EC29AB9-65FD-4567-AC82-3AAB83C6879B}"
EndProject
Global
	GlobalSection(SolutionConfigurationPlatforms) = preSolution
		Debug|Any CPU = Debug|Any CPU
		Release|Any CPU = Release|Any CPU
	EndGlobalSection
	GlobalSection(ProjectConfigurationPlatforms) = postSolution
		{4EC29AB9-65FD-4567-AC82-3AAB83C6879B}.Debug|Any CPU.ActiveCfg = Debug|Any CPU
		{4EC29AB9-65FD-4567-AC82-3AAB83C6879B}.Debug|Any CPU.Build.0 = Debug|Any CPU
		{4EC29AB9-65FD-4567-AC82-3AAB83C6879B}.Release|Any CPU.ActiveCfg = Release|Any CPU
		{4EC29AB9-65FD-4567-AC82-3AAB83C6879B}.Release|Any CPU.Build.0 = Release|Any CPU
	EndGlobalSection
	GlobalSection(SolutionProperties) = preSolution
		HideSolutionNode = FALSE
	EndGlobalSection
	GlobalSection(ExtensibilityGlobals) = postSolution
		SolutionGuid = {A6FADE27-B955-4687-BFCE-576B88EFF859}
	EndGlobalSection
EndGlobal
